
Microsoft Visual Studio Solution File, Format Version 12.00
# Visual Studio Version 17
VisualStudioVersion = 17.6.33815.320
MinimumVisualStudioVersion = 10.0.40219.1
Project("{FAE04EC0-301F-11D3-BF4B-00C04F79EFBC}") = "RCi.Tutorial.Gfx", "RCi.Tutorial.Gfx.csproj", "{BDF9BCFC-67F7-4646-A0A4-8C94D35BC85D}"
EndProject
Global
	GlobalSection(SolutionConfigurationPlatforms) = preSolution
		Debug|Any CPU = Debug|Any CPU
		Release|Any CPU = Release|Any CPU
	EndGlobalSection
	GlobalSection(ProjectConfigurationPlatforms) = postSolution
		{BDF9BCFC-67F7-4646-A0A4-8C94D35BC85D}.Debug|Any CPU.ActiveCfg = Debug|Any CPU
		{BDF9BCFC-67F7-4646-A0A4-8C94D35BC85D}.Debug|Any CPU.Build.0 = Debug|Any CPU
		{BDF9BCFC-67F7-4646-A0A4-8C94D35BC85D}.Release|Any CPU.ActiveCfg = Release|Any CPU
		{BDF9BCFC-67F7-4646-A0A4-8C94D35BC85D}.Release|Any CPU.Build.0 = Release|Any CPU
	EndGlobalSection
	GlobalSection(SolutionProperties) = preSolution
		HideSolutionNode = FALSE
	EndGlobalSection
	GlobalSection(ExtensibilityGlobals) = postSolution
		SolutionGuid = {587EBDE1-516C-4B15-9712-C1915536B01D}
	EndGlobalSection
EndGlobal
